{
  "version": 4,
  "terraform_version": "0.13.1",
  "serial": 229,
  "lineage": "7115c346-1ce5-e29e-ad7e-d70a086e3b5e",
  "outputs": {},
  "resources": [
    {
      "module": "module.vpc",
      "mode": "managed",
      "type": "aws_internet_gateway",
      "name": "igw",
      "provider": "provider[\"registry.terraform.io/hashicorp/aws\"]",
      "instances": [
        {
          "schema_version": 0,
          "attributes": {
            "arn": "arn:aws:ec2:us-east-1:306593415795:internet-gateway/igw-0012003be70c8254b",
            "id": "igw-0012003be70c8254b",
            "owner_id": "306593415795",
            "tags": {
              "Name": "B-automation",
              "Owner": "Ak"
            },
            "vpc_id": "vpc-08a779915b76f428f"
          }
        }
      ]
    },
    {
      "module": "module.vpc",
      "mode": "managed",
      "type": "aws_vpc",
      "name": "vpc",
      "provider": "provider[\"registry.terraform.io/hashicorp/aws\"]",
      "instances": [
        {
          "schema_version": 1,
          "attributes": {
            "arn": "arn:aws:ec2:us-east-1:306593415795:vpc/vpc-08a779915b76f428f",
            "assign_generated_ipv6_cidr_block": false,
            "cidr_block": "10.10.0.0/16",
            "default_network_acl_id": "acl-0183c34e397a2d2d3",
            "default_route_table_id": "rtb-07680d982fa57f61a",
            "default_security_group_id": "sg-01664345eacacc2a3",
            "dhcp_options_id": "dopt-041bd680338c6b584",
            "enable_classiclink": false,
            "enable_classiclink_dns_support": false,
            "enable_dns_hostnames": true,
            "enable_dns_support": true,
            "id": "vpc-08a779915b76f428f",
            "instance_tenancy": "default",
            "ipv6_association_id": "",
            "ipv6_cidr_block": "",
            "main_route_table_id": "rtb-07680d982fa57f61a",
            "owner_id": "306593415795",
            "tags": {
              "Name": "B-automation",
              "Owner": "Ak"
            }
          },
          "private": "eyJzY2hlbWFfdmVyc2lvbiI6IjEifQ=="
        }
      ]
    }
  ]
}
